
Microsoft Visual Studio Solution File, Format Version 12.00
# Visual Studio 15
VisualStudioVersion = 15.0.27703.2035
MinimumVisualStudioVersion = 10.0.40219.1
Project("{FAE04EC0-301F-11D3-BF4B-00C04F79EFBC}") = "GeneralQuiz", "GeneralQuiz\GeneralQuiz.csproj", "{C141CD7A-6A86-41AD-B1E3-50788AC95E9C}"
EndProject
Global
	GlobalSection(SolutionConfigurationPlatforms) = preSolution
		Debug|Any CPU = Debug|Any CPU
		Release|Any CPU = Release|Any CPU
	EndGlobalSection
	GlobalSection(ProjectConfigurationPlatforms) = postSolution
		{C141CD7A-6A86-41AD-B1E3-50788AC95E9C}.Debug|Any CPU.ActiveCfg = Debug|Any CPU
		{C141CD7A-6A86-41AD-B1E3-50788AC95E9C}.Debug|Any CPU.Build.0 = Debug|Any CPU
		{C141CD7A-6A86-41AD-B1E3-50788AC95E9C}.Release|Any CPU.ActiveCfg = Release|Any CPU
		{C141CD7A-6A86-41AD-B1E3-50788AC95E9C}.Release|Any CPU.Build.0 = Release|Any CPU
	EndGlobalSection
	GlobalSection(SolutionProperties) = preSolution
		HideSolutionNode = FALSE
	EndGlobalSection
	GlobalSection(ExtensibilityGlobals) = postSolution
		SolutionGuid = {AE49E0F9-D365-4E51-AFD0-010E8171CF7D}
	EndGlobalSection
EndGlobal
